
Microsoft Visual Studio Solution File, Format Version 12.00
# Visual Studio Version 16
VisualStudioVersion = 16.0.32929.386
MinimumVisualStudioVersion = 10.0.40219.1
Project("{FAE04EC0-301F-11D3-BF4B-00C04F79EFBC}") = "WebApplication138", "WebApplication138.csproj", "{AB2396E8-AC95-4809-8F17-98E0DF89905C}"
EndProject
Global
	GlobalSection(SolutionConfigurationPlatforms) = preSolution
		Debug|Any CPU = Debug|Any CPU
		Release|Any CPU = Release|Any CPU
	EndGlobalSection
	GlobalSection(ProjectConfigurationPlatforms) = postSolution
		{AB2396E8-AC95-4809-8F17-98E0DF89905C}.Debug|Any CPU.ActiveCfg = Debug|Any CPU
		{AB2396E8-AC95-4809-8F17-98E0DF89905C}.Debug|Any CPU.Build.0 = Debug|Any CPU
		{AB2396E8-AC95-4809-8F17-98E0DF89905C}.Release|Any CPU.ActiveCfg = Release|Any CPU
		{AB2396E8-AC95-4809-8F17-98E0DF89905C}.Release|Any CPU.Build.0 = Release|Any CPU
	EndGlobalSection
	GlobalSection(SolutionProperties) = preSolution
		HideSolutionNode = FALSE
	EndGlobalSection
	GlobalSection(ExtensibilityGlobals) = postSolution
		SolutionGuid = {FAEBBF06-314C-4D4C-A182-B56C4E5F48BA}
	EndGlobalSection
EndGlobal
